{
  "nodes": {
    "nixpkgs": {
      "locked": {
        "lastModified": 1619750206,
        "narHash": "sha256-4ITUy1IPKzY/yOnsuQnYVgRoKuHNzNhsNd/TijKxNzQ=",
        "owner": "NixOS",
        "repo": "nixpkgs",
        "rev": "ff13163e3fd5283d997d11fac04061f243d93f7c",
        "type": "github"
      },
      "original": {
        "owner": "NixOS",
        "ref": "master",
        "repo": "nixpkgs",
        "type": "github"
      }
    },
    "root": {
      "inputs": {
        "nixpkgs": "nixpkgs",
        "utils": "utils"
      }
    },
    "utils": {
      "locked": {
        "lastModified": 1614513358,
        "narHash": "sha256-LakhOx3S1dRjnh0b5Dg3mbZyH0ToC9I8Y2wKSkBaTzU=",
        "owner": "numtide",
        "repo": "flake-utils",
        "rev": "5466c5bbece17adaab2d82fae80b46e807611bf3",
        "type": "github"
      },
      "original": {
        "owner": "numtide",
        "repo": "flake-utils",
        "type": "github"
      }
    }
  },
  "root": "root",
  "version": 7
}
